
Microsoft Visual Studio Solution File, Format Version 12.00
# Visual Studio 15
VisualStudioVersion = 15.0.27130.2010
MinimumVisualStudioVersion = 10.0.40219.1
Project("{FAE04EC0-301F-11D3-BF4B-00C04F79EFBC}") = "DynamicInputRazor", "DynamicInputRazor\DynamicInputRazor.csproj", "{83A8E447-4144-4123-A529-825077C1704A}"
EndProject
Global
	GlobalSection(SolutionConfigurationPlatforms) = preSolution
		Debug|Any CPU = Debug|Any CPU
		Release|Any CPU = Release|Any CPU
	EndGlobalSection
	GlobalSection(ProjectConfigurationPlatforms) = postSolution
		{83A8E447-4144-4123-A529-825077C1704A}.Debug|Any CPU.ActiveCfg = Debug|Any CPU
		{83A8E447-4144-4123-A529-825077C1704A}.Debug|Any CPU.Build.0 = Debug|Any CPU
		{83A8E447-4144-4123-A529-825077C1704A}.Release|Any CPU.ActiveCfg = Release|Any CPU
		{83A8E447-4144-4123-A529-825077C1704A}.Release|Any CPU.Build.0 = Release|Any CPU
	EndGlobalSection
	GlobalSection(SolutionProperties) = preSolution
		HideSolutionNode = FALSE
	EndGlobalSection
	GlobalSection(ExtensibilityGlobals) = postSolution
		SolutionGuid = {DD0B9252-A4C7-4FBF-AC70-3E1DBCA2262F}
	EndGlobalSection
EndGlobal
